// !$*UTF8*$!
{
	archiveVersion = 1;
	classes = {
	};
	objectVersion = 55;
	objects = {

/* Begin PBXBuildFile section */
		09CEDA69272B47FF007EBEDF /* AppDelegate.swift in Sources */ = {isa = PBXBuildFile; fileRef = 09CEDA68272B47FF007EBEDF /* AppDelegate.swift */; };
		09CEDA6B272B47FF007EBEDF /* SceneDelegate.swift in Sources */ = {isa = PBXBuildFile; fileRef = 09CEDA6A272B47FF007EBEDF /* SceneDelegate.swift */; };
		09CEDA6D272B47FF007EBEDF /* ViewController.swift in Sources */ = {isa = PBXBuildFile; fileRef = 09CEDA6C272B47FF007EBEDF /* ViewController.swift */; };
		09CEDA72272B4801007EBEDF /* Assets.xcassets in Resources */ = {isa = PBXBuildFile; fileRef = 09CEDA71272B4801007EBEDF /* Assets.xcassets */; };
		09CEDA75272B4801007EBEDF /* LaunchScreen.storyboard in Resources */ = {isa = PBXBuildFile; fileRef = 09CEDA73272B4801007EBEDF /* LaunchScreen.storyboard */; };
		09CEDA82272B48C3007EBEDF /* EditViewController.swift in Sources */ = {isa = PBXBuildFile; fileRef = 09CEDA7E272B48C3007EBEDF /* EditViewController.swift */; };
		09CEDA83272B48C3007EBEDF /* SearchCityController.swift in Sources */ = {isa = PBXBuildFile; fileRef = 09CEDA7F272B48C3007EBEDF /* SearchCityController.swift */; };
		09CEDA84272B48C3007EBEDF /* ParentViewController.swift in Sources */ = {isa = PBXBuildFile; fileRef = 09CEDA80272B48C3007EBEDF /* ParentViewController.swift */; };
		09CEDA85272B48C3007EBEDF /* TableViewCell.swift in Sources */ = {isa = PBXBuildFile; fileRef = 09CEDA81272B48C3007EBEDF /* TableViewCell.swift */; };
		09CEDA8E272B48F0007EBEDF /* ServerService.swift in Sources */ = {isa = PBXBuildFile; fileRef = 09CEDA86272B48F0007EBEDF /* ServerService.swift */; };
		09CEDA8F272B48F0007EBEDF /* WeatherModel.swift in Sources */ = {isa = PBXBuildFile; fileRef = 09CEDA87272B48F0007EBEDF /* WeatherModel.swift */; };
		09CEDA90272B48F0007EBEDF /* ApiKey.swift in Sources */ = {isa = PBXBuildFile; fileRef = 09CEDA88272B48F0007EBEDF /* ApiKey.swift */; };
		09CEDA91272B48F0007EBEDF /* CoreDataStack.swift in Sources */ = {isa = PBXBuildFile; fileRef = 09CEDA89272B48F0007EBEDF /* CoreDataStack.swift */; };
		09CEDA92272B48F0007EBEDF /* CleanJsonExtension.swift in Sources */ = {isa = PBXBuildFile; fileRef = 09CEDA8A272B48F0007EBEDF /* CleanJsonExtension.swift */; };
		09CEDA93272B48F0007EBEDF /* Model.xcdatamodeld in Sources */ = {isa = PBXBuildFile; fileRef = 09CEDA8B272B48F0007EBEDF /* Model.xcdatamodeld */; };
		09CEDA94272B48F0007EBEDF /* City.swift in Sources */ = {isa = PBXBuildFile; fileRef = 09CEDA8D272B48F0007EBEDF /* City.swift */; };
		09CEDA96272B4912007EBEDF /* Main.storyboard in Resources */ = {isa = PBXBuildFile; fileRef = 09CEDA95272B4912007EBEDF /* Main.storyboard */; };
/* End PBXBuildFile section */

/* Begin PBXFileReference section */
		09CEDA65272B47FF007EBEDF /* YWCA_SENECA_2021_Final_Project_Amatul_Jalil_Daouda.app */ = {isa = PBXFileReference; explicitFileType = wrapper.application; includeInIndex = 0; path = YWCA_SENECA_2021_Final_Project_Amatul_Jalil_Daouda.app; sourceTree = BUILT_PRODUCTS_DIR; };
		09CEDA68272B47FF007EBEDF /* AppDelegate.swift */ = {isa = PBXFileReference; lastKnownFileType = sourcecode.swift; path = AppDelegate.swift; sourceTree = "<group>"; };
		09CEDA6A272B47FF007EBEDF /* SceneDelegate.swift */ = {isa = PBXFileReference; lastKnownFileType = sourcecode.swift; path = SceneDelegate.swift; sourceTree = "<group>"; };
		09CEDA6C272B47FF007EBEDF /* ViewController.swift */ = {isa = PBXFileReference; lastKnownFileType = sourcecode.swift; path = ViewController.swift; sourceTree = "<group>"; };
		09CEDA71272B4801007EBEDF /* Assets.xcassets */ = {isa = PBXFileReference; lastKnownFileType = folder.assetcatalog; path = Assets.xcassets; sourceTree = "<group>"; };
		09CEDA74272B4801007EBEDF /* Base */ = {isa = PBXFileReference; lastKnownFileType = file.storyboard; name = Base; path = Base.lproj/LaunchScreen.storyboard; sourceTree = "<group>"; };
		09CEDA76272B4801007EBEDF /* Info.plist */ = {isa = PBXFileReference; lastKnownFileType = text.plist.xml; path = Info.plist; sourceTree = "<group>"; };
		09CEDA7E272B48C3007EBEDF /* EditViewController.swift */ = {isa = PBXFileReference; fileEncoding = 4; lastKnownFileType = sourcecode.swift; path = EditViewController.swift; sourceTree = "<group>"; };
		09CEDA7F272B48C3007EBEDF /* SearchCityController.swift */ = {isa = PBXFileReference; fileEncoding = 4; lastKnownFileType = sourcecode.swift; path = SearchCityController.swift; sourceTree = "<group>"; };
		09CEDA80272B48C3007EBEDF /* ParentViewController.swift */ = {isa = PBXFileReference; fileEncoding = 4; lastKnownFileType = sourcecode.swift; path = ParentViewController.swift; sourceTree = "<group>"; };
		09CEDA81272B48C3007EBEDF /* TableViewCell.swift */ = {isa = PBXFileReference; fileEncoding = 4; lastKnownFileType = sourcecode.swift; path = TableViewCell.swift; sourceTree = "<group>"; };
		09CEDA86272B48F0007EBEDF /* ServerService.swift */ = {isa = PBXFileReference; fileEncoding = 4; lastKnownFileType = sourcecode.swift; path = ServerService.swift; sourceTree = "<group>"; };
		09CEDA87272B48F0007EBEDF /* WeatherModel.swift */ = {isa = PBXFileReference; fileEncoding = 4; lastKnownFileType = sourcecode.swift; path = WeatherModel.swift; sourceTree = "<group>"; };
		09CEDA88272B48F0007EBEDF /* ApiKey.swift */ = {isa = PBXFileReference; fileEncoding = 4; lastKnownFileType = sourcecode.swift; path = ApiKey.swift; sourceTree = "<group>"; };
		09CEDA89272B48F0007EBEDF /* CoreDataStack.swift */ = {isa = PBXFileReference; fileEncoding = 4; lastKnownFileType = sourcecode.swift; path = CoreDataStack.swift; sourceTree = "<group>"; };
		09CEDA8A272B48F0007EBEDF /* CleanJsonExtension.swift */ = {isa = PBXFileReference; fileEncoding = 4; lastKnownFileType = sourcecode.swift; path = CleanJsonExtension.swift; sourceTree = "<group>"; };
		09CEDA8C272B48F0007EBEDF /* Model.xcdatamodel */ = {isa = PBXFileReference; lastKnownFileType = wrapper.xcdatamodel; path = Model.xcdatamodel; sourceTree = "<group>"; };
		09CEDA8D272B48F0007EBEDF /* City.swift */ = {isa = PBXFileReference; fileEncoding = 4; lastKnownFileType = sourcecode.swift; path = City.swift; sourceTree = "<group>"; };
		09CEDA95272B4912007EBEDF /* Main.storyboard */ = {isa = PBXFileReference; fileEncoding = 4; lastKnownFileType = file.storyboard; path = Main.storyboard; sourceTree = "<group>"; };
/* End PBXFileReference section */

/* Begin PBXFrameworksBuildPhase section */
		09CEDA62272B47FF007EBEDF /* Frameworks */ = {
			isa = PBXFrameworksBuildPhase;
			buildActionMask = 2147483647;
			files = (
			);
			runOnlyForDeploymentPostprocessing = 0;
		};
/* End PBXFrameworksBuildPhase section */

/* Begin PBXGroup section */
		09CEDA5C272B47FF007EBEDF = {
			isa = PBXGroup;
			children = (
				09CEDA67272B47FF007EBEDF /* YWCA_SENECA_2021_Final_Project_Amatul_Jalil_Daouda */,
				09CEDA66272B47FF007EBEDF /* Products */,
			);
			sourceTree = "<group>";
		};
		09CEDA66272B47FF007EBEDF /* Products */ = {
			isa = PBXGroup;
			children = (
				09CEDA65272B47FF007EBEDF /* YWCA_SENECA_2021_Final_Project_Amatul_Jalil_Daouda.app */,
			);
			name = Products;
			sourceTree = "<group>";
		};
		09CEDA67272B47FF007EBEDF /* YWCA_SENECA_2021_Final_Project_Amatul_Jalil_Daouda */ = {
			isa = PBXGroup;
			children = (
				09CEDA7D272B482C007EBEDF /* Controllers */,
				09CEDA7C272B4816007EBEDF /* Models */,
				09CEDA68272B47FF007EBEDF /* AppDelegate.swift */,
				09CEDA6A272B47FF007EBEDF /* SceneDelegate.swift */,
				09CEDA6C272B47FF007EBEDF /* ViewController.swift */,
				09CEDA71272B4801007EBEDF /* Assets.xcassets */,
				09CEDA95272B4912007EBEDF /* Main.storyboard */,
				09CEDA73272B4801007EBEDF /* LaunchScreen.storyboard */,
				09CEDA76272B4801007EBEDF /* Info.plist */,
			);
			path = YWCA_SENECA_2021_Final_Project_Amatul_Jalil_Daouda;
			sourceTree = "<group>";
		};
		09CEDA7C272B4816007EBEDF /* Models */ = {
			isa = PBXGroup;
			children = (
				09CEDA88272B48F0007EBEDF /* ApiKey.swift */,
				09CEDA8D272B48F0007EBEDF /* City.swift */,
				09CEDA8A272B48F0007EBEDF /* CleanJsonExtension.swift */,
				09CEDA89272B48F0007EBEDF /* CoreDataStack.swift */,
				09CEDA8B272B48F0007EBEDF /* Model.xcdatamodeld */,
				09CEDA86272B48F0007EBEDF /* ServerService.swift */,
				09CEDA87272B48F0007EBEDF /* WeatherModel.swift */,
			);
			path = Models;
			sourceTree = "<group>";
		};
		09CEDA7D272B482C007EBEDF /* Controllers */ = {
			isa = PBXGroup;
			children = (
				09CEDA7E272B48C3007EBEDF /* EditViewController.swift */,
				09CEDA80272B48C3007EBEDF /* ParentViewController.swift */,
				09CEDA7F272B48C3007EBEDF /* SearchCityController.swift */,
				09CEDA81272B48C3007EBEDF /* TableViewCell.swift */,
			);
			path = Controllers;
			sourceTree = "<group>";
		};
/* End PBXGroup section */

/* Begin PBXNativeTarget section */
		09CEDA64272B47FF007EBEDF /* YWCA_SENECA_2021_Final_Project_Amatul_Jalil_Daouda */ = {
			isa = PBXNativeTarget;
			buildConfigurationList = 09CEDA79272B4801007EBEDF /* Build configuration list for PBXNativeTarget "YWCA_SENECA_2021_Final_Project_Amatul_Jalil_Daouda" */;
			buildPhases = (
				09CEDA61272B47FF007EBEDF /* Sources */,
				09CEDA62272B47FF007EBEDF /* Frameworks */,
				09CEDA63272B47FF007EBEDF /* Resources */,
			);
			buildRules = (
			);
			dependencies = (
			);
			name = YWCA_SENECA_2021_Final_Project_Amatul_Jalil_Daouda;
			productName = YWCA_SENECA_2021_Final_Project_Amatul_Jalil_Daouda;
			productReference = 09CEDA65272B47FF007EBEDF /* YWCA_SENECA_2021_Final_Project_Amatul_Jalil_Daouda.app */;
			productType = "com.apple.product-type.application";
		};
/* End PBXNativeTarget section */

/* Begin PBXProject section */
		09CEDA5D272B47FF007EBEDF /* Project object */ = {
			isa = PBXProject;
			attributes = {
				BuildIndependentTargetsInParallel = 1;
				LastSwiftUpdateCheck = 1300;
				LastUpgradeCheck = 1300;
				TargetAttributes = {
					09CEDA64272B47FF007EBEDF = {
						CreatedOnToolsVersion = 13.0;
					};
				};
			};
			buildConfigurationList = 09CEDA60272B47FF007EBEDF /* Build configuration list for PBXProject "YWCA_SENECA_2021_Final_Project_Amatul_Jalil_Daouda" */;
			compatibilityVersion = "Xcode 13.0";
			developmentRegion = en;
			hasScannedForEncodings = 0;
			knownRegions = (
				en,
				Base,
			);
			mainGroup = 09CEDA5C272B47FF007EBEDF;
			productRefGroup = 09CEDA66272B47FF007EBEDF /* Products */;
			projectDirPath = "";
			projectRoot = "";
			targets = (
				09CEDA64272B47FF007EBEDF /* YWCA_SENECA_2021_Final_Project_Amatul_Jalil_Daouda */,
			);
		};
/* End PBXProject section */

/* Begin PBXResourcesBuildPhase section */
		09CEDA63272B47FF007EBEDF /* Resources */ = {
			isa = PBXResourcesBuildPhase;
			buildActionMask = 2147483647;
			files = (
				09CEDA96272B4912007EBEDF /* Main.storyboard in Resources */,
				09CEDA75272B4801007EBEDF /* LaunchScreen.storyboard in Resources */,
				09CEDA72272B4801007EBEDF /* Assets.xcassets in Resources */,
			);
			runOnlyForDeploymentPostprocessing = 0;
		};
/* End PBXResourcesBuildPhase section */

/* Begin PBXSourcesBuildPhase section */
		09CEDA61272B47FF007EBEDF /* Sources */ = {
			isa = PBXSourcesBuildPhase;
			buildActionMask = 2147483647;
			files = (
				09CEDA90272B48F0007EBEDF /* ApiKey.swift in Sources */,
				09CEDA92272B48F0007EBEDF /* CleanJsonExtension.swift in Sources */,
				09CEDA82272B48C3007EBEDF /* EditViewController.swift in Sources */,
				09CEDA6D272B47FF007EBEDF /* ViewController.swift in Sources */,
				09CEDA84272B48C3007EBEDF /* ParentViewController.swift in Sources */,
				09CEDA69272B47FF007EBEDF /* AppDelegate.swift in Sources */,
				09CEDA94272B48F0007EBEDF /* City.swift in Sources */,
				09CEDA8F272B48F0007EBEDF /* WeatherModel.swift in Sources */,
				09CEDA91272B48F0007EBEDF /* CoreDataStack.swift in Sources */,
				09CEDA6B272B47FF007EBEDF /* SceneDelegate.swift in Sources */,
				09CEDA85272B48C3007EBEDF /* TableViewCell.swift in Sources */,
				09CEDA8E272B48F0007EBEDF /* ServerService.swift in Sources */,
				09CEDA93272B48F0007EBEDF /* Model.xcdatamodeld in Sources */,
				09CEDA83272B48C3007EBEDF /* SearchCityController.swift in Sources */,
			);
			runOnlyForDeploymentPostprocessing = 0;
		};
/* End PBXSourcesBuildPhase section */

/* Begin PBXVariantGroup section */
		09CEDA73272B4801007EBEDF /* LaunchScreen.storyboard */ = {
			isa = PBXVariantGroup;
			children = (
				09CEDA74272B4801007EBEDF /* Base */,
			);
			name = LaunchScreen.storyboard;
			sourceTree = "<group>";
		};
/* End PBXVariantGroup section */

/* Begin XCBuildConfiguration section */
		09CEDA77272B4801007EBEDF /* Debug */ = {
			isa = XCBuildConfiguration;
			buildSettings = {
				ALWAYS_SEARCH_USER_PATHS = NO;
				CLANG_ANALYZER_NONNULL = YES;
				CLANG_ANALYZER_NUMBER_OBJECT_CONVERSION = YES_AGGRESSIVE;
				CLANG_CXX_LANGUAGE_STANDARD = "gnu++17";
				CLANG_CXX_LIBRARY = "libc++";
				CLANG_ENABLE_MODULES = YES;
				CLANG_ENABLE_OBJC_ARC = YES;
				CLANG_ENABLE_OBJC_WEAK = YES;
				CLANG_WARN_BLOCK_CAPTURE_AUTORELEASING = YES;
				CLANG_WARN_BOOL_CONVERSION = YES;
				CLANG_WARN_COMMA = YES;
				CLANG_WARN_CONSTANT_CONVERSION = YES;
				CLANG_WARN_DEPRECATED_OBJC_IMPLEMENTATIONS = YES;
				CLANG_WARN_DIRECT_OBJC_ISA_USAGE = YES_ERROR;
				CLANG_WARN_DOCUMENTATION_COMMENTS = YES;
				CLANG_WARN_EMPTY_BODY = YES;
				CLANG_WARN_ENUM_CONVERSION = YES;
				CLANG_WARN_INFINITE_RECURSION = YES;
				CLANG_WARN_INT_CONVERSION = YES;
				CLANG_WARN_NON_LITERAL_NULL_CONVERSION = YES;
				CLANG_WARN_OBJC_IMPLICIT_RETAIN_SELF = YES;
				CLANG_WARN_OBJC_LITERAL_CONVERSION = YES;
				CLANG_WARN_OBJC_ROOT_CLASS = YES_ERROR;
				CLANG_WARN_QUOTED_INCLUDE_IN_FRAMEWORK_HEADER = YES;
				CLANG_WARN_RANGE_LOOP_ANALYSIS = YES;
				CLANG_WARN_STRICT_PROTOTYPES = YES;
				CLANG_WARN_SUSPICIOUS_MOVE = YES;
				CLANG_WARN_UNGUARDED_AVAILABILITY = YES_AGGRESSIVE;
				CLANG_WARN_UNREACHABLE_CODE = YES;
				CLANG_WARN__DUPLICATE_METHOD_MATCH = YES;
				COPY_PHASE_STRIP = NO;
				DEBUG_INFORMATION_FORMAT = dwarf;
				ENABLE_STRICT_OBJC_MSGSEND = YES;
				ENABLE_TESTABILITY = YES;
				GCC_C_LANGUAGE_STANDARD = gnu11;
				GCC_DYNAMIC_NO_PIC = NO;
				GCC_NO_COMMON_BLOCKS = YES;
				GCC_OPTIMIZATION_LEVEL = 0;
				GCC_PREPROCESSOR_DEFINITIONS = (
					"DEBUG=1",
					"$(inherited)",
				);
				GCC_WARN_64_TO_32_BIT_CONVERSION = YES;
				GCC_WARN_ABOUT_RETURN_TYPE = YES_ERROR;
				GCC_WARN_UNDECLARED_SELECTOR = YES;
				GCC_WARN_UNINITIALIZED_AUTOS = YES_AGGRESSIVE;
				GCC_WARN_UNUSED_FUNCTION = YES;
				GCC_WARN_UNUSED_VARIABLE = YES;
				IPHONEOS_DEPLOYMENT_TARGET = 15.0;
				MTL_ENABLE_DEBUG_INFO = INCLUDE_SOURCE;
				MTL_FAST_MATH = YES;
				ONLY_ACTIVE_ARCH = YES;
				SDKROOT = iphoneos;
				SWIFT_ACTIVE_COMPILATION_CONDITIONS = DEBUG;
				SWIFT_OPTIMIZATION_LEVEL = "-Onone";
			};
			name = Debug;
		};
		09CEDA78272B4801007EBEDF /* Release */ = {
			isa = XCBuildConfiguration;
			buildSettings = {
				ALWAYS_SEARCH_USER_PATHS = NO;
				CLANG_ANALYZER_NONNULL = YES;
				CLANG_ANALYZER_NUMBER_OBJECT_CONVERSION = YES_AGGRESSIVE;
				CLANG_CXX_LANGUAGE_STANDARD = "gnu++17";
				CLANG_CXX_LIBRARY = "libc++";
				CLANG_ENABLE_MODULES = YES;
				CLANG_ENABLE_OBJC_ARC = YES;
				CLANG_ENABLE_OBJC_WEAK = YES;
				CLANG_WARN_BLOCK_CAPTURE_AUTORELEASING = YES;
				CLANG_WARN_BOOL_CONVERSION = YES;
				CLANG_WARN_COMMA = YES;
				CLANG_WARN_CONSTANT_CONVERSION = YES;
				CLANG_WARN_DEPRECATED_OBJC_IMPLEMENTATIONS = YES;
				CLANG_WARN_DIRECT_OBJC_ISA_USAGE = YES_ERROR;
				CLANG_WARN_DOCUMENTATION_COMMENTS = YES;
				CLANG_WARN_EMPTY_BODY = YES;
				CLANG_WARN_ENUM_CONVERSION = YES;
				CLANG_WARN_INFINITE_RECURSION = YES;
				CLANG_WARN_INT_CONVERSION = YES;
				CLANG_WARN_NON_LITERAL_NULL_CONVERSION = YES;
				CLANG_WARN_OBJC_IMPLICIT_RETAIN_SELF = YES;
				CLANG_WARN_OBJC_LITERAL_CONVERSION = YES;
				CLANG_WARN_OBJC_ROOT_CLASS = YES_ERROR;
				CLANG_WARN_QUOTED_INCLUDE_IN_FRAMEWORK_HEADER = YES;
				CLANG_WARN_RANGE_LOOP_ANALYSIS = YES;
				CLANG_WARN_STRICT_PROTOTYPES = YES;
				CLANG_WARN_SUSPICIOUS_MOVE = YES;
				CLANG_WARN_UNGUARDED_AVAILABILITY = YES_AGGRESSIVE;
				CLANG_WARN_UNREACHABLE_CODE = YES;
				CLANG_WARN__DUPLICATE_METHOD_MATCH = YES;
				COPY_PHASE_STRIP = NO;
				DEBUG_INFORMATION_FORMAT = "dwarf-with-dsym";
				ENABLE_NS_ASSERTIONS = NO;
				ENABLE_STRICT_OBJC_MSGSEND = YES;
				GCC_C_LANGUAGE_STANDARD = gnu11;
				GCC_NO_COMMON_BLOCKS = YES;
				GCC_WARN_64_TO_32_BIT_CONVERSION = YES;
				GCC_WARN_ABOUT_RETURN_TYPE = YES_ERROR;
				GCC_WARN_UNDECLARED_SELECTOR = YES;
				GCC_WARN_UNINITIALIZED_AUTOS = YES_AGGRESSIVE;
				GCC_WARN_UNUSED_FUNCTION = YES;
				GCC_WARN_UNUSED_VARIABLE = YES;
				IPHONEOS_DEPLOYMENT_TARGET = 15.0;
				MTL_ENABLE_DEBUG_INFO = NO;
				MTL_FAST_MATH = YES;
				SDKROOT = iphoneos;
				SWIFT_COMPILATION_MODE = wholemodule;
				SWIFT_OPTIMIZATION_LEVEL = "-O";
				VALIDATE_PRODUCT = YES;
			};
			name = Release;
		};
		09CEDA7A272B4801007EBEDF /* Debug */ = {
			isa = XCBuildConfiguration;
			buildSettings = {
				ASSETCATALOG_COMPILER_APPICON_NAME = AppIcon;
				ASSETCATALOG_COMPILER_GLOBAL_ACCENT_COLOR_NAME = AccentColor;
				CODE_SIGN_STYLE = Automatic;
				CURRENT_PROJECT_VERSION = 1;
				GENERATE_INFOPLIST_FILE = YES;
				INFOPLIST_FILE = YWCA_SENECA_2021_Final_Project_Amatul_Jalil_Daouda/Info.plist;
				INFOPLIST_KEY_UIApplicationSupportsIndirectInputEvents = YES;
				INFOPLIST_KEY_UILaunchStoryboardName = LaunchScreen;
				INFOPLIST_KEY_UIMainStoryboardFile = Main;
				INFOPLIST_KEY_UISupportedInterfaceOrientations_iPad = "UIInterfaceOrientationPortrait UIInterfaceOrientationPortraitUpsideDown UIInterfaceOrientationLandscapeLeft UIInterfaceOrientationLandscapeRight";
				INFOPLIST_KEY_UISupportedInterfaceOrientations_iPhone = "UIInterfaceOrientationPortrait UIInterfaceOrientationLandscapeLeft UIInterfaceOrientationLandscapeRight";
				LD_RUNPATH_SEARCH_PATHS = (
					"$(inherited)",
					"@executable_path/Frameworks",
				);
				MARKETING_VERSION = 1.0;
				PRODUCT_BUNDLE_IDENTIFIER = "ca.seneca.YWCA.Amatul-Jalil.YWCA-SENECA-2021-Final-Project-Amatul-Jalil-Daouda";
				PRODUCT_NAME = "$(TARGET_NAME)";
				SWIFT_EMIT_LOC_STRINGS = YES;
				SWIFT_VERSION = 5.0;
				TARGETED_DEVICE_FAMILY = "1,2";
			};
			name = Debug;
		};
		09CEDA7B272B4801007EBEDF /* Release */ = {
			isa = XCBuildConfiguration;
			buildSettings = {
				ASSETCATALOG_COMPILER_APPICON_NAME = AppIcon;
				ASSETCATALOG_COMPILER_GLOBAL_ACCENT_COLOR_NAME = AccentColor;
				CODE_SIGN_STYLE = Automatic;
				CURRENT_PROJECT_VERSION = 1;
				GENERATE_INFOPLIST_FILE = YES;
				INFOPLIST_FILE = YWCA_SENECA_2021_Final_Project_Amatul_Jalil_Daouda/Info.plist;
				INFOPLIST_KEY_UIApplicationSupportsIndirectInputEvents = YES;
				INFOPLIST_KEY_UILaunchStoryboardName = LaunchScreen;
				INFOPLIST_KEY_UIMainStoryboardFile = Main;
				INFOPLIST_KEY_UISupportedInterfaceOrientations_iPad = "UIInterfaceOrientationPortrait UIInterfaceOrientationPortraitUpsideDown UIInterfaceOrientationLandscapeLeft UIInterfaceOrientationLandscapeRight";
				INFOPLIST_KEY_UISupportedInterfaceOrientations_iPhone = "UIInterfaceOrientationPortrait UIInterfaceOrientationLandscapeLeft UIInterfaceOrientationLandscapeRight";
				LD_RUNPATH_SEARCH_PATHS = (
					"$(inherited)",
					"@executable_path/Frameworks",
				);
				MARKETING_VERSION = 1.0;
				PRODUCT_BUNDLE_IDENTIFIER = "ca.seneca.YWCA.Amatul-Jalil.YWCA-SENECA-2021-Final-Project-Amatul-Jalil-Daouda";
				PRODUCT_NAME = "$(TARGET_NAME)";
				SWIFT_EMIT_LOC_STRINGS = YES;
				SWIFT_VERSION = 5.0;
				TARGETED_DEVICE_FAMILY = "1,2";
			};
			name = Release;
		};
/* End XCBuildConfiguration section */

/* Begin XCConfigurationList section */
		09CEDA60272B47FF007EBEDF /* Build configuration list for PBXProject "YWCA_SENECA_2021_Final_Project_Amatul_Jalil_Daouda" */ = {
			isa = XCConfigurationList;
			buildConfigurations = (
				09CEDA77272B4801007EBEDF /* Debug */,
				09CEDA78272B4801007EBEDF /* Release */,
			);
			defaultConfigurationIsVisible = 0;
			defaultConfigurationName = Release;
		};
		09CEDA79272B4801007EBEDF /* Build configuration list for PBXNativeTarget "YWCA_SENECA_2021_Final_Project_Amatul_Jalil_Daouda" */ = {
			isa = XCConfigurationList;
			buildConfigurations = (
				09CEDA7A272B4801007EBEDF /* Debug */,
				09CEDA7B272B4801007EBEDF /* Release */,
			);
			defaultConfigurationIsVisible = 0;
			defaultConfigurationName = Release;
		};
/* End XCConfigurationList section */

/* Begin XCVersionGroup section */
		09CEDA8B272B48F0007EBEDF /* Model.xcdatamodeld */ = {
			isa = XCVersionGroup;
			children = (
				09CEDA8C272B48F0007EBEDF /* Model.xcdatamodel */,
			);
			currentVersion = 09CEDA8C272B48F0007EBEDF /* Model.xcdatamodel */;
			path = Model.xcdatamodeld;
			sourceTree = "<group>";
			versionGroupType = wrapper.xcdatamodel;
		};
/* End XCVersionGroup section */
	};
	rootObject = 09CEDA5D272B47FF007EBEDF /* Project object */;
}
